<?xml version="1.0" encoding="utf-8"?>
<Project ToolsVersion="4.0" xmlns="http://schemas.microsoft.com/developer/msbuild/2003">
  <ItemGroup>
    <Filter Include="Source">
      <UniqueIdentifier>{f0d22fc6-907f-461b-bfd4-517cad95b3de}</UniqueIdentifier>
    </Filter>
  </ItemGroup>
  <ItemGroup>
    <ClInclude Include="includes\cudapp" />
    <ClInclude Include="includes\source\shared.cuh">
      <Filter>Source</Filter>
    </ClInclude>
    <ClInclude Include="includes\source\stream.cuh">
      <Filter>Source</Filter>
    </ClInclude>
    <ClInclude Include="includes\source\work.cuh">
      <Filter>Source</Filter>
    </ClInclude>
    <ClInclude Include="includes\source\memory.cuh">
      <Filter>Source</Filter>
    </ClInclude>
    <ClInclude Include="includes\source\atomic.cuh">
      <Filter>Source</Filter>
    </ClInclude>
  </ItemGroup>
  <ItemGroup>
    <ClCompile Include="test.cu" />
  </ItemGroup>
</Project>