
Microsoft Visual Studio Solution File, Format Version 12.00
# Visual Studio Version 16
VisualStudioVersion = 16.0.29709.97
MinimumVisualStudioVersion = 10.0.40219.1
Project("{8BC9CEB8-8B4A-11D0-8D11-00A0C91BC942}") = "cudapp", "cudapp.vcxproj", "{F497C555-D4CB-4A72-83A6-2DF089FAB983}"
EndProject
Global
	GlobalSection(SolutionConfigurationPlatforms) = preSolution
		Debug|x64 = Debug|x64
		Release|x64 = Release|x64
	EndGlobalSection
	GlobalSection(ProjectConfigurationPlatforms) = postSolution
		{F497C555-D4CB-4A72-83A6-2DF089FAB983}.Debug|x64.ActiveCfg = Debug|x64
		{F497C555-D4CB-4A72-83A6-2DF089FAB983}.Debug|x64.Build.0 = Debug|x64
		{F497C555-D4CB-4A72-83A6-2DF089FAB983}.Release|x64.ActiveCfg = Release|x64
		{F497C555-D4CB-4A72-83A6-2DF089FAB983}.Release|x64.Build.0 = Release|x64
	EndGlobalSection
	GlobalSection(SolutionProperties) = preSolution
		HideSolutionNode = FALSE
	EndGlobalSection
	GlobalSection(ExtensibilityGlobals) = postSolution
		SolutionGuid = {53A1AD3E-6105-4869-8338-8B37513042BE}
	EndGlobalSection
EndGlobal
